
Microsoft Visual Studio Solution File, Format Version 12.00
# Visual Studio Version 17
VisualStudioVersion = 17.0.31903.59
MinimumVisualStudioVersion = 10.0.40219.1
Project("{FAE04EC0-301F-11D3-BF4B-00C04F79EFBC}") = "CheckPrintApp.Core", "CheckPrintApp.Core\CheckPrintApp.Core.csproj", "{4FB60BE1-3188-4031-BE9F-40E361759664}"
EndProject
Project("{FAE04EC0-301F-11D3-BF4B-00C04F79EFBC}") = "CheckPrintApp.UI", "CheckPrintApp.UI\CheckPrintApp.UI.csproj", "{783E97EA-B022-4A0D-B168-FB9E46488694}"
EndProject
Project("{FAE04EC0-301F-11D3-BF4B-00C04F79EFBC}") = "CheckPrintApp.Tests", "CheckPrintApp.Tests\CheckPrintApp.Tests.csproj", "{1FDF70BE-17C6-4C4F-BA1E-B2AEAA7CCE90}"
EndProject
Global
	GlobalSection(SolutionConfigurationPlatforms) = preSolution
		Debug|Any CPU = Debug|Any CPU
		Debug|x64 = Debug|x64
		Debug|x86 = Debug|x86
		Release|Any CPU = Release|Any CPU
		Release|x64 = Release|x64
		Release|x86 = Release|x86
	EndGlobalSection
	GlobalSection(ProjectConfigurationPlatforms) = postSolution
		{4FB60BE1-3188-4031-BE9F-40E361759664}.Debug|Any CPU.ActiveCfg = Debug|Any CPU
		{4FB60BE1-3188-4031-BE9F-40E361759664}.Debug|Any CPU.Build.0 = Debug|Any CPU
		{4FB60BE1-3188-4031-BE9F-40E361759664}.Debug|x64.ActiveCfg = Debug|Any CPU
		{4FB60BE1-3188-4031-BE9F-40E361759664}.Debug|x64.Build.0 = Debug|Any CPU
		{4FB60BE1-3188-4031-BE9F-40E361759664}.Debug|x86.ActiveCfg = Debug|Any CPU
		{4FB60BE1-3188-4031-BE9F-40E361759664}.Debug|x86.Build.0 = Debug|Any CPU
		{4FB60BE1-3188-4031-BE9F-40E361759664}.Release|Any CPU.ActiveCfg = Release|Any CPU
		{4FB60BE1-3188-4031-BE9F-40E361759664}.Release|Any CPU.Build.0 = Release|Any CPU
		{4FB60BE1-3188-4031-BE9F-40E361759664}.Release|x64.ActiveCfg = Release|Any CPU
		{4FB60BE1-3188-4031-BE9F-40E361759664}.Release|x64.Build.0 = Release|Any CPU
		{4FB60BE1-3188-4031-BE9F-40E361759664}.Release|x86.ActiveCfg = Release|Any CPU
		{4FB60BE1-3188-4031-BE9F-40E361759664}.Release|x86.Build.0 = Release|Any CPU
		{783E97EA-B022-4A0D-B168-FB9E46488694}.Debug|Any CPU.ActiveCfg = Debug|Any CPU
		{783E97EA-B022-4A0D-B168-FB9E46488694}.Debug|Any CPU.Build.0 = Debug|Any CPU
		{783E97EA-B022-4A0D-B168-FB9E46488694}.Debug|x64.ActiveCfg = Debug|Any CPU
		{783E97EA-B022-4A0D-B168-FB9E46488694}.Debug|x64.Build.0 = Debug|Any CPU
		{783E97EA-B022-4A0D-B168-FB9E46488694}.Debug|x86.ActiveCfg = Debug|Any CPU
		{783E97EA-B022-4A0D-B168-FB9E46488694}.Debug|x86.Build.0 = Debug|Any CPU
		{783E97EA-B022-4A0D-B168-FB9E46488694}.Release|Any CPU.ActiveCfg = Release|Any CPU
		{783E97EA-B022-4A0D-B168-FB9E46488694}.Release|Any CPU.Build.0 = Release|Any CPU
		{783E97EA-B022-4A0D-B168-FB9E46488694}.Release|x64.ActiveCfg = Release|Any CPU
		{783E97EA-B022-4A0D-B168-FB9E46488694}.Release|x64.Build.0 = Release|Any CPU
		{783E97EA-B022-4A0D-B168-FB9E46488694}.Release|x86.ActiveCfg = Release|Any CPU
		{783E97EA-B022-4A0D-B168-FB9E46488694}.Release|x86.Build.0 = Release|Any CPU
		{1FDF70BE-17C6-4C4F-BA1E-B2AEAA7CCE90}.Debug|Any CPU.ActiveCfg = Debug|Any CPU
		{1FDF70BE-17C6-4C4F-BA1E-B2AEAA7CCE90}.Debug|Any CPU.Build.0 = Debug|Any CPU
		{1FDF70BE-17C6-4C4F-BA1E-B2AEAA7CCE90}.Debug|x64.ActiveCfg = Debug|Any CPU
		{1FDF70BE-17C6-4C4F-BA1E-B2AEAA7CCE90}.Debug|x64.Build.0 = Debug|Any CPU
		{1FDF70BE-17C6-4C4F-BA1E-B2AEAA7CCE90}.Debug|x86.ActiveCfg = Debug|Any CPU
		{1FDF70BE-17C6-4C4F-BA1E-B2AEAA7CCE90}.Debug|x86.Build.0 = Debug|Any CPU
		{1FDF70BE-17C6-4C4F-BA1E-B2AEAA7CCE90}.Release|Any CPU.ActiveCfg = Release|Any CPU
		{1FDF70BE-17C6-4C4F-BA1E-B2AEAA7CCE90}.Release|Any CPU.Build.0 = Release|Any CPU
		{1FDF70BE-17C6-4C4F-BA1E-B2AEAA7CCE90}.Release|x64.ActiveCfg = Release|Any CPU
		{1FDF70BE-17C6-4C4F-BA1E-B2AEAA7CCE90}.Release|x64.Build.0 = Release|Any CPU
		{1FDF70BE-17C6-4C4F-BA1E-B2AEAA7CCE90}.Release|x86.ActiveCfg = Release|Any CPU
		{1FDF70BE-17C6-4C4F-BA1E-B2AEAA7CCE90}.Release|x86.Build.0 = Release|Any CPU
	EndGlobalSection
	GlobalSection(SolutionProperties) = preSolution
		HideSolutionNode = FALSE
	EndGlobalSection
EndGlobal
